// !$*UTF8*$!
{
	archiveVersion = 1;
	classes = {
	};
	objectVersion = 77;
	objects = {

/* Begin PBXContainerItemProxy section */
		061C038E2F706D5800CF89B3 /* PBXContainerItemProxy */ = {
			isa = PBXContainerItemProxy;
			containerPortal = 061C03782F706D5700CF89B3 /* Project object */;
			proxyType = 1;
			remoteGlobalIDString = 061C037F2F706D5700CF89B3;
			remoteInfo = "Workout Tracker";
		};
		061C03982F706D5800CF89B3 /* PBXContainerItemProxy */ = {
			isa = PBXContainerItemProxy;
			containerPortal = 061C03782F706D5700CF89B3 /* Project object */;
			proxyType = 1;
			remoteGlobalIDString = 061C037F2F706D5700CF89B3;
			remoteInfo = "Workout Tracker";
		};
/* End PBXContainerItemProxy section */

/* Begin PBXFileReference section */
		061C03802F706D5700CF89B3 /* Aktivo Tracker - Workout Track.app */ = {isa = PBXFileReference; explicitFileType = wrapper.application; includeInIndex = 0; path = "Aktivo Tracker - Workout Track.app"; sourceTree = BUILT_PRODUCTS_DIR; };
		061C038D2F706D5800CF89B3 /* Aktivo Tracker - Workout TrackTests.xctest */ = {isa = PBXFileReference; explicitFileType = wrapper.cfbundle; includeInIndex = 0; path = "Aktivo Tracker - Workout TrackTests.xctest"; sourceTree = BUILT_PRODUCTS_DIR; };
		061C03972F706D5800CF89B3 /* Aktivo Tracker - Workout TrackUITests.xctest */ = {isa = PBXFileReference; explicitFileType = wrapper.cfbundle; includeInIndex = 0; path = "Aktivo Tracker - Workout TrackUITests.xctest"; sourceTree = BUILT_PRODUCTS_DIR; };
/* End PBXFileReference section */

/* Begin PBXFileSystemSynchronizedRootGroup section */
		061C03822F706D5700CF89B3 /* Workout Tracker */ = {
			isa = PBXFileSystemSynchronizedRootGroup;
			path = "Workout Tracker";
			sourceTree = "<group>";
		};
		061C03902F706D5800CF89B3 /* Workout TrackerTests */ = {
			isa = PBXFileSystemSynchronizedRootGroup;
			path = "Workout TrackerTests";
			sourceTree = "<group>";
		};
		061C039A2F706D5800CF89B3 /* Workout TrackerUITests */ = {
			isa = PBXFileSystemSynchronizedRootGroup;
			path = "Workout TrackerUITests";
			sourceTree = "<group>";
		};
/* End PBXFileSystemSynchronizedRootGroup section */

/* Begin PBXFrameworksBuildPhase section */
		061C037D2F706D5700CF89B3 /* Frameworks */ = {
			isa = PBXFrameworksBuildPhase;
			buildActionMask = 2147483647;
			files = (
			);
			runOnlyForDeploymentPostprocessing = 0;
		};
		061C038A2F706D5800CF89B3 /* Frameworks */ = {
			isa = PBXFrameworksBuildPhase;
			buildActionMask = 2147483647;
			files = (
			);
			runOnlyForDeploymentPostprocessing = 0;
		};
		061C03942F706D5800CF89B3 /* Frameworks */ = {
			isa = PBXFrameworksBuildPhase;
			buildActionMask = 2147483647;
			files = (
			);
			runOnlyForDeploymentPostprocessing = 0;
		};
/* End PBXFrameworksBuildPhase section */

/* Begin PBXGroup section */
		061C03772F706D5700CF89B3 = {
			isa = PBXGroup;
			children = (
				061C03822F706D5700CF89B3 /* Workout Tracker */,
				061C03902F706D5800CF89B3 /* Workout TrackerTests */,
				061C039A2F706D5800CF89B3 /* Workout TrackerUITests */,
				061C03812F706D5700CF89B3 /* Products */,
			);
			sourceTree = "<group>";
		};
		061C03812F706D5700CF89B3 /* Products */ = {
			isa = PBXGroup;
			children = (
				061C03802F706D5700CF89B3 /* Aktivo Tracker - Workout Track.app */,
				061C038D2F706D5800CF89B3 /* Aktivo Tracker - Workout TrackTests.xctest */,
				061C03972F706D5800CF89B3 /* Aktivo Tracker - Workout TrackUITests.xctest */,
			);
			name = Products;
			sourceTree = "<group>";
		};
/* End PBXGroup section */

/* Begin PBXNativeTarget section */
		061C037F2F706D5700CF89B3 /* Aktivo Tracker - Workout Track */ = {
			isa = PBXNativeTarget;
			buildConfigurationList = 061C03A12F706D5800CF89B3 /* Build configuration list for PBXNativeTarget "Aktivo Tracker - Workout Track" */;
			buildPhases = (
				061C037C2F706D5700CF89B3 /* Sources */,
				061C037D2F706D5700CF89B3 /* Frameworks */,
				061C037E2F706D5700CF89B3 /* Resources */,
			);
			buildRules = (
			);
			dependencies = (
			);
			fileSystemSynchronizedGroups = (
				061C03822F706D5700CF89B3 /* Workout Tracker */,
			);
			name = "Aktivo Tracker - Workout Track";
			packageProductDependencies = (
			);
			productName = "Workout Tracker";
			productReference = 061C03802F706D5700CF89B3 /* Aktivo Tracker - Workout Track.app */;
			productType = "com.apple.product-type.application";
		};
		061C038C2F706D5800CF89B3 /* Aktivo Tracker - Workout TrackTests */ = {
			isa = PBXNativeTarget;
			buildConfigurationList = 061C03A42F706D5800CF89B3 /* Build configuration list for PBXNativeTarget "Aktivo Tracker - Workout TrackTests" */;
			buildPhases = (
				061C03892F706D5800CF89B3 /* Sources */,
				061C038A2F706D5800CF89B3 /* Frameworks */,
				061C038B2F706D5800CF89B3 /* Resources */,
			);
			buildRules = (
			);
			dependencies = (
				061C038F2F706D5800CF89B3 /* PBXTargetDependency */,
			);
			fileSystemSynchronizedGroups = (
				061C03902F706D5800CF89B3 /* Workout TrackerTests */,
			);
			name = "Aktivo Tracker - Workout TrackTests";
			packageProductDependencies = (
			);
			productName = "Workout TrackerTests";
			productReference = 061C038D2F706D5800CF89B3 /* Aktivo Tracker - Workout TrackTests.xctest */;
			productType = "com.apple.product-type.bundle.unit-test";
		};
		061C03962F706D5800CF89B3 /* Aktivo Tracker - Workout TrackUITests */ = {
			isa = PBXNativeTarget;
			buildConfigurationList = 061C03A72F706D5800CF89B3 /* Build configuration list for PBXNativeTarget "Aktivo Tracker - Workout TrackUITests" */;
			buildPhases = (
				061C03932F706D5800CF89B3 /* Sources */,
				061C03942F706D5800CF89B3 /* Frameworks */,
				061C03952F706D5800CF89B3 /* Resources */,
			);
			buildRules = (
			);
			dependencies = (
				061C03992F706D5800CF89B3 /* PBXTargetDependency */,
			);
			fileSystemSynchronizedGroups = (
				061C039A2F706D5800CF89B3 /* Workout TrackerUITests */,
			);
			name = "Aktivo Tracker - Workout TrackUITests";
			packageProductDependencies = (
			);
			productName = "Workout TrackerUITests";
			productReference = 061C03972F706D5800CF89B3 /* Aktivo Tracker - Workout TrackUITests.xctest */;
			productType = "com.apple.product-type.bundle.ui-testing";
		};
/* End PBXNativeTarget section */

/* Begin PBXProject section */
		061C03782F706D5700CF89B3 /* Project object */ = {
			isa = PBXProject;
			attributes = {
				BuildIndependentTargetsInParallel = 1;
				LastSwiftUpdateCheck = 1640;
				LastUpgradeCheck = 1640;
				TargetAttributes = {
					061C037F2F706D5700CF89B3 = {
						CreatedOnToolsVersion = 16.4;
					};
					061C038C2F706D5800CF89B3 = {
						CreatedOnToolsVersion = 16.4;
						TestTargetID = 061C037F2F706D5700CF89B3;
					};
					061C03962F706D5800CF89B3 = {
						CreatedOnToolsVersion = 16.4;
						TestTargetID = 061C037F2F706D5700CF89B3;
					};
				};
			};
			buildConfigurationList = 061C037B2F706D5700CF89B3 /* Build configuration list for PBXProject "Aktivo Tracker - Workout Track" */;
			developmentRegion = en;
			hasScannedForEncodings = 0;
			knownRegions = (
				en,
				Base,
			);
			mainGroup = 061C03772F706D5700CF89B3;
			minimizedProjectReferenceProxies = 1;
			preferredProjectObjectVersion = 77;
			productRefGroup = 061C03812F706D5700CF89B3 /* Products */;
			projectDirPath = "";
			projectRoot = "";
			targets = (
				061C037F2F706D5700CF89B3 /* Aktivo Tracker - Workout Track */,
				061C038C2F706D5800CF89B3 /* Aktivo Tracker - Workout TrackTests */,
				061C03962F706D5800CF89B3 /* Aktivo Tracker - Workout TrackUITests */,
			);
		};
/* End PBXProject section */

/* Begin PBXResourcesBuildPhase section */
		061C037E2F706D5700CF89B3 /* Resources */ = {
			isa = PBXResourcesBuildPhase;
			buildActionMask = 2147483647;
			files = (
			);
			runOnlyForDeploymentPostprocessing = 0;
		};
		061C038B2F706D5800CF89B3 /* Resources */ = {
			isa = PBXResourcesBuildPhase;
			buildActionMask = 2147483647;
			files = (
			);
			runOnlyForDeploymentPostprocessing = 0;
		};
		061C03952F706D5800CF89B3 /* Resources */ = {
			isa = PBXResourcesBuildPhase;
			buildActionMask = 2147483647;
			files = (
			);
			runOnlyForDeploymentPostprocessing = 0;
		};
/* End PBXResourcesBuildPhase section */

/* Begin PBXSourcesBuildPhase section */
		061C037C2F706D5700CF89B3 /* Sources */ = {
			isa = PBXSourcesBuildPhase;
			buildActionMask = 2147483647;
			files = (
			);
			runOnlyForDeploymentPostprocessing = 0;
		};
		061C03892F706D5800CF89B3 /* Sources */ = {
			isa = PBXSourcesBuildPhase;
			buildActionMask = 2147483647;
			files = (
			);
			runOnlyForDeploymentPostprocessing = 0;
		};
		061C03932F706D5800CF89B3 /* Sources */ = {
			isa = PBXSourcesBuildPhase;
			buildActionMask = 2147483647;
			files = (
			);
			runOnlyForDeploymentPostprocessing = 0;
		};
/* End PBXSourcesBuildPhase section */

/* Begin PBXTargetDependency section */
		061C038F2F706D5800CF89B3 /* PBXTargetDependency */ = {
			isa = PBXTargetDependency;
			target = 061C037F2F706D5700CF89B3 /* Aktivo Tracker - Workout Track */;
			targetProxy = 061C038E2F706D5800CF89B3 /* PBXContainerItemProxy */;
		};
		061C03992F706D5800CF89B3 /* PBXTargetDependency */ = {
			isa = PBXTargetDependency;
			target = 061C037F2F706D5700CF89B3 /* Aktivo Tracker - Workout Track */;
			targetProxy = 061C03982F706D5800CF89B3 /* PBXContainerItemProxy */;
		};
/* End PBXTargetDependency section */

/* Begin XCBuildConfiguration section */
		061C039F2F706D5800CF89B3 /* Debug */ = {
			isa = XCBuildConfiguration;
			buildSettings = {
				ALWAYS_SEARCH_USER_PATHS = NO;
				ASSETCATALOG_COMPILER_GENERATE_SWIFT_ASSET_SYMBOL_EXTENSIONS = YES;
				CLANG_ANALYZER_NONNULL = YES;
				CLANG_ANALYZER_NUMBER_OBJECT_CONVERSION = YES_AGGRESSIVE;
				CLANG_CXX_LANGUAGE_STANDARD = "gnu++20";
				CLANG_ENABLE_MODULES = YES;
				CLANG_ENABLE_OBJC_ARC = YES;
				CLANG_ENABLE_OBJC_WEAK = YES;
				CLANG_WARN_BLOCK_CAPTURE_AUTORELEASING = YES;
				CLANG_WARN_BOOL_CONVERSION = YES;
				CLANG_WARN_COMMA = YES;
				CLANG_WARN_CONSTANT_CONVERSION = YES;
				CLANG_WARN_DEPRECATED_OBJC_IMPLEMENTATIONS = YES;
				CLANG_WARN_DIRECT_OBJC_ISA_USAGE = YES_ERROR;
				CLANG_WARN_DOCUMENTATION_COMMENTS = YES;
				CLANG_WARN_EMPTY_BODY = YES;
				CLANG_WARN_ENUM_CONVERSION = YES;
				CLANG_WARN_INFINITE_RECURSION = YES;
				CLANG_WARN_INT_CONVERSION = YES;
				CLANG_WARN_NON_LITERAL_NULL_CONVERSION = YES;
				CLANG_WARN_OBJC_IMPLICIT_RETAIN_SELF = YES;
				CLANG_WARN_OBJC_LITERAL_CONVERSION = YES;
				CLANG_WARN_OBJC_ROOT_CLASS = YES_ERROR;
				CLANG_WARN_QUOTED_INCLUDE_IN_FRAMEWORK_HEADER = YES;
				CLANG_WARN_RANGE_LOOP_ANALYSIS = YES;
				CLANG_WARN_STRICT_PROTOTYPES = YES;
				CLANG_WARN_SUSPICIOUS_MOVE = YES;
				CLANG_WARN_UNGUARDED_AVAILABILITY = YES_AGGRESSIVE;
				CLANG_WARN_UNREACHABLE_CODE = YES;
				CLANG_WARN__DUPLICATE_METHOD_MATCH = YES;
				COPY_PHASE_STRIP = NO;
				DEBUG_INFORMATION_FORMAT = dwarf;
				ENABLE_STRICT_OBJC_MSGSEND = YES;
				ENABLE_TESTABILITY = YES;
				ENABLE_USER_SCRIPT_SANDBOXING = YES;
				GCC_C_LANGUAGE_STANDARD = gnu17;
				GCC_DYNAMIC_NO_PIC = NO;
				GCC_NO_COMMON_BLOCKS = YES;
				GCC_OPTIMIZATION_LEVEL = 0;
				GCC_PREPROCESSOR_DEFINITIONS = (
					"DEBUG=1",
					"$(inherited)",
				);
				GCC_WARN_64_TO_32_BIT_CONVERSION = YES;
				GCC_WARN_ABOUT_RETURN_TYPE = YES_ERROR;
				GCC_WARN_UNDECLARED_SELECTOR = YES;
				GCC_WARN_UNINITIALIZED_AUTOS = YES_AGGRESSIVE;
				GCC_WARN_UNUSED_FUNCTION = YES;
				GCC_WARN_UNUSED_VARIABLE = YES;
				IPHONEOS_DEPLOYMENT_TARGET = 18.5;
				LOCALIZATION_PREFERS_STRING_CATALOGS = YES;
				MTL_ENABLE_DEBUG_INFO = INCLUDE_SOURCE;
				MTL_FAST_MATH = YES;
				ONLY_ACTIVE_ARCH = YES;
				SDKROOT = iphoneos;
				SWIFT_ACTIVE_COMPILATION_CONDITIONS = "DEBUG $(inherited)";
				SWIFT_OPTIMIZATION_LEVEL = "-Onone";
			};
			name = Debug;
		};
		061C03A02F706D5800CF89B3 /* Release */ = {
			isa = XCBuildConfiguration;
			buildSettings = {
				ALWAYS_SEARCH_USER_PATHS = NO;
				ASSETCATALOG_COMPILER_GENERATE_SWIFT_ASSET_SYMBOL_EXTENSIONS = YES;
				CLANG_ANALYZER_NONNULL = YES;
				CLANG_ANALYZER_NUMBER_OBJECT_CONVERSION = YES_AGGRESSIVE;
				CLANG_CXX_LANGUAGE_STANDARD = "gnu++20";
				CLANG_ENABLE_MODULES = YES;
				CLANG_ENABLE_OBJC_ARC = YES;
				CLANG_ENABLE_OBJC_WEAK = YES;
				CLANG_WARN_BLOCK_CAPTURE_AUTORELEASING = YES;
				CLANG_WARN_BOOL_CONVERSION = YES;
				CLANG_WARN_COMMA = YES;
				CLANG_WARN_CONSTANT_CONVERSION = YES;
				CLANG_WARN_DEPRECATED_OBJC_IMPLEMENTATIONS = YES;
				CLANG_WARN_DIRECT_OBJC_ISA_USAGE = YES_ERROR;
				CLANG_WARN_DOCUMENTATION_COMMENTS = YES;
				CLANG_WARN_EMPTY_BODY = YES;
				CLANG_WARN_ENUM_CONVERSION = YES;
				CLANG_WARN_INFINITE_RECURSION = YES;
				CLANG_WARN_INT_CONVERSION = YES;
				CLANG_WARN_NON_LITERAL_NULL_CONVERSION = YES;
				CLANG_WARN_OBJC_IMPLICIT_RETAIN_SELF = YES;
				CLANG_WARN_OBJC_LITERAL_CONVERSION = YES;
				CLANG_WARN_OBJC_ROOT_CLASS = YES_ERROR;
				CLANG_WARN_QUOTED_INCLUDE_IN_FRAMEWORK_HEADER = YES;
				CLANG_WARN_RANGE_LOOP_ANALYSIS = YES;
				CLANG_WARN_STRICT_PROTOTYPES = YES;
				CLANG_WARN_SUSPICIOUS_MOVE = YES;
				CLANG_WARN_UNGUARDED_AVAILABILITY = YES_AGGRESSIVE;
				CLANG_WARN_UNREACHABLE_CODE = YES;
				CLANG_WARN__DUPLICATE_METHOD_MATCH = YES;
				COPY_PHASE_STRIP = NO;
				DEBUG_INFORMATION_FORMAT = "dwarf-with-dsym";
				ENABLE_NS_ASSERTIONS = NO;
				ENABLE_STRICT_OBJC_MSGSEND = YES;
				ENABLE_USER_SCRIPT_SANDBOXING = YES;
				GCC_C_LANGUAGE_STANDARD = gnu17;
				GCC_NO_COMMON_BLOCKS = YES;
				GCC_WARN_64_TO_32_BIT_CONVERSION = YES;
				GCC_WARN_ABOUT_RETURN_TYPE = YES_ERROR;
				GCC_WARN_UNDECLARED_SELECTOR = YES;
				GCC_WARN_UNINITIALIZED_AUTOS = YES_AGGRESSIVE;
				GCC_WARN_UNUSED_FUNCTION = YES;
				GCC_WARN_UNUSED_VARIABLE = YES;
				IPHONEOS_DEPLOYMENT_TARGET = 18.5;
				LOCALIZATION_PREFERS_STRING_CATALOGS = YES;
				MTL_ENABLE_DEBUG_INFO = NO;
				MTL_FAST_MATH = YES;
				SDKROOT = iphoneos;
				SWIFT_COMPILATION_MODE = wholemodule;
				VALIDATE_PRODUCT = YES;
			};
			name = Release;
		};
		061C03A22F706D5800CF89B3 /* Debug */ = {
			isa = XCBuildConfiguration;
			buildSettings = {
				ASSETCATALOG_COMPILER_APPICON_NAME = AppIcon;
				ASSETCATALOG_COMPILER_GLOBAL_ACCENT_COLOR_NAME = AccentColor;
				CODE_SIGN_STYLE = Automatic;
				CURRENT_PROJECT_VERSION = 1;
				ENABLE_PREVIEWS = YES;
				GENERATE_INFOPLIST_FILE = YES;
				INFOPLIST_KEY_CFBundleDisplayName = "Aktivo Tracker - Workout Track";
				INFOPLIST_KEY_UIApplicationSceneManifest_Generation = YES;
				INFOPLIST_KEY_UIApplicationSupportsIndirectInputEvents = YES;
				INFOPLIST_KEY_UILaunchScreen_Generation = YES;
				INFOPLIST_KEY_UISupportedInterfaceOrientations_iPad = "UIInterfaceOrientationPortrait UIInterfaceOrientationPortraitUpsideDown UIInterfaceOrientationLandscapeLeft UIInterfaceOrientationLandscapeRight";
				INFOPLIST_KEY_UISupportedInterfaceOrientations_iPhone = "UIInterfaceOrientationPortrait UIInterfaceOrientationLandscapeLeft UIInterfaceOrientationLandscapeRight";
				LD_RUNPATH_SEARCH_PATHS = (
					"$(inherited)",
					"@executable_path/Frameworks",
				);
				MARKETING_VERSION = 1.0;
				PRODUCT_BUNDLE_IDENTIFIER = com.pleksandrvoloshko.workouttracker;
				PRODUCT_NAME = "Aktivo Tracker - Workout Track";
				SWIFT_EMIT_LOC_STRINGS = YES;
				SWIFT_VERSION = 5.0;
				TARGETED_DEVICE_FAMILY = "1,2";
			};
			name = Debug;
		};
		061C03A32F706D5800CF89B3 /* Release */ = {
			isa = XCBuildConfiguration;
			buildSettings = {
				ASSETCATALOG_COMPILER_APPICON_NAME = AppIcon;
				ASSETCATALOG_COMPILER_GLOBAL_ACCENT_COLOR_NAME = AccentColor;
				CODE_SIGN_STYLE = Automatic;
				CURRENT_PROJECT_VERSION = 1;
				ENABLE_PREVIEWS = YES;
				GENERATE_INFOPLIST_FILE = YES;
				INFOPLIST_KEY_CFBundleDisplayName = "Aktivo Tracker - Workout Track";
				INFOPLIST_KEY_UIApplicationSceneManifest_Generation = YES;
				INFOPLIST_KEY_UIApplicationSupportsIndirectInputEvents = YES;
				INFOPLIST_KEY_UILaunchScreen_Generation = YES;
				INFOPLIST_KEY_UISupportedInterfaceOrientations_iPad = "UIInterfaceOrientationPortrait UIInterfaceOrientationPortraitUpsideDown UIInterfaceOrientationLandscapeLeft UIInterfaceOrientationLandscapeRight";
				INFOPLIST_KEY_UISupportedInterfaceOrientations_iPhone = "UIInterfaceOrientationPortrait UIInterfaceOrientationLandscapeLeft UIInterfaceOrientationLandscapeRight";
				LD_RUNPATH_SEARCH_PATHS = (
					"$(inherited)",
					"@executable_path/Frameworks",
				);
				MARKETING_VERSION = 1.0;
				PRODUCT_BUNDLE_IDENTIFIER = com.pleksandrvoloshko.workouttracker;
				PRODUCT_NAME = "Aktivo Tracker - Workout Track";
				SWIFT_EMIT_LOC_STRINGS = YES;
				SWIFT_VERSION = 5.0;
				TARGETED_DEVICE_FAMILY = "1,2";
			};
			name = Release;
		};
		061C03A52F706D5800CF89B3 /* Debug */ = {
			isa = XCBuildConfiguration;
			buildSettings = {
				BUNDLE_LOADER = "$(TEST_HOST)";
				CODE_SIGN_STYLE = Automatic;
				CURRENT_PROJECT_VERSION = 1;
				GENERATE_INFOPLIST_FILE = YES;
				IPHONEOS_DEPLOYMENT_TARGET = 18.5;
				MARKETING_VERSION = 1.0;
				PRODUCT_BUNDLE_IDENTIFIER = "com.workout.tracker.Workout-TrackerTests";
				PRODUCT_NAME = "$(TARGET_NAME)";
				SWIFT_EMIT_LOC_STRINGS = NO;
				SWIFT_VERSION = 5.0;
				TARGETED_DEVICE_FAMILY = "1,2";
				TEST_HOST = "$(BUILT_PRODUCTS_DIR)/Aktivo Tracker - Workout Track.app/$(BUNDLE_EXECUTABLE_FOLDER_PATH)/Aktivo Tracker - Workout Track";
			};
			name = Debug;
		};
		061C03A62F706D5800CF89B3 /* Release */ = {
			isa = XCBuildConfiguration;
			buildSettings = {
				BUNDLE_LOADER = "$(TEST_HOST)";
				CODE_SIGN_STYLE = Automatic;
				CURRENT_PROJECT_VERSION = 1;
				GENERATE_INFOPLIST_FILE = YES;
				IPHONEOS_DEPLOYMENT_TARGET = 18.5;
				MARKETING_VERSION = 1.0;
				PRODUCT_BUNDLE_IDENTIFIER = "com.workout.tracker.Workout-TrackerTests";
				PRODUCT_NAME = "$(TARGET_NAME)";
				SWIFT_EMIT_LOC_STRINGS = NO;
				SWIFT_VERSION = 5.0;
				TARGETED_DEVICE_FAMILY = "1,2";
				TEST_HOST = "$(BUILT_PRODUCTS_DIR)/Aktivo Tracker - Workout Track.app/$(BUNDLE_EXECUTABLE_FOLDER_PATH)/Aktivo Tracker - Workout Track";
			};
			name = Release;
		};
		061C03A82F706D5800CF89B3 /* Debug */ = {
			isa = XCBuildConfiguration;
			buildSettings = {
				CODE_SIGN_STYLE = Automatic;
				CURRENT_PROJECT_VERSION = 1;
				GENERATE_INFOPLIST_FILE = YES;
				MARKETING_VERSION = 1.0;
				PRODUCT_BUNDLE_IDENTIFIER = "com.workout.tracker.Workout-TrackerUITests";
				PRODUCT_NAME = "$(TARGET_NAME)";
				SWIFT_EMIT_LOC_STRINGS = NO;
				SWIFT_VERSION = 5.0;
				TARGETED_DEVICE_FAMILY = "1,2";
				TEST_TARGET_NAME = "Workout Tracker";
			};
			name = Debug;
		};
		061C03A92F706D5800CF89B3 /* Release */ = {
			isa = XCBuildConfiguration;
			buildSettings = {
				CODE_SIGN_STYLE = Automatic;
				CURRENT_PROJECT_VERSION = 1;
				GENERATE_INFOPLIST_FILE = YES;
				MARKETING_VERSION = 1.0;
				PRODUCT_BUNDLE_IDENTIFIER = "com.workout.tracker.Workout-TrackerUITests";
				PRODUCT_NAME = "$(TARGET_NAME)";
				SWIFT_EMIT_LOC_STRINGS = NO;
				SWIFT_VERSION = 5.0;
				TARGETED_DEVICE_FAMILY = "1,2";
				TEST_TARGET_NAME = "Workout Tracker";
			};
			name = Release;
		};
/* End XCBuildConfiguration section */

/* Begin XCConfigurationList section */
		061C037B2F706D5700CF89B3 /* Build configuration list for PBXProject "Aktivo Tracker - Workout Track" */ = {
			isa = XCConfigurationList;
			buildConfigurations = (
				061C039F2F706D5800CF89B3 /* Debug */,
				061C03A02F706D5800CF89B3 /* Release */,
			);
			defaultConfigurationIsVisible = 0;
			defaultConfigurationName = Release;
		};
		061C03A12F706D5800CF89B3 /* Build configuration list for PBXNativeTarget "Aktivo Tracker - Workout Track" */ = {
			isa = XCConfigurationList;
			buildConfigurations = (
				061C03A22F706D5800CF89B3 /* Debug */,
				061C03A32F706D5800CF89B3 /* Release */,
			);
			defaultConfigurationIsVisible = 0;
			defaultConfigurationName = Release;
		};
		061C03A42F706D5800CF89B3 /* Build configuration list for PBXNativeTarget "Aktivo Tracker - Workout TrackTests" */ = {
			isa = XCConfigurationList;
			buildConfigurations = (
				061C03A52F706D5800CF89B3 /* Debug */,
				061C03A62F706D5800CF89B3 /* Release */,
			);
			defaultConfigurationIsVisible = 0;
			defaultConfigurationName = Release;
		};
		061C03A72F706D5800CF89B3 /* Build configuration list for PBXNativeTarget "Aktivo Tracker - Workout TrackUITests" */ = {
			isa = XCConfigurationList;
			buildConfigurations = (
				061C03A82F706D5800CF89B3 /* Debug */,
				061C03A92F706D5800CF89B3 /* Release */,
			);
			defaultConfigurationIsVisible = 0;
			defaultConfigurationName = Release;
		};
/* End XCConfigurationList section */
	};
	rootObject = 061C03782F706D5700CF89B3 /* Project object */;
}
